
Microsoft Visual Studio Solution File, Format Version 12.00
# Visual Studio 15
VisualStudioVersion = 15.0.33423.255
MinimumVisualStudioVersion = 10.0.40219.1
Project("{FAE04EC0-301F-11D3-BF4B-00C04F79EFBC}") = "RequestTimeOff", "RequestTimeOff\RequestTimeOff.csproj", "{E3CB60CA-FD2D-4A1D-9621-3ED09CE5688A}"
EndProject
Project("{FAE04EC0-301F-11D3-BF4B-00C04F79EFBC}") = "RequestTimeOff.Specflow", "RequestTimeOff.Specflow\RequestTimeOff.Specflow.csproj", "{186B3137-217F-40C1-8018-9E043CE45D0B}"
EndProject
Global
	GlobalSection(SolutionConfigurationPlatforms) = preSolution
		Debug|Any CPU = Debug|Any CPU
		Release|Any CPU = Release|Any CPU
	EndGlobalSection
	GlobalSection(ProjectConfigurationPlatforms) = postSolution
		{E3CB60CA-FD2D-4A1D-9621-3ED09CE5688A}.Debug|Any CPU.ActiveCfg = Debug|Any CPU
		{E3CB60CA-FD2D-4A1D-9621-3ED09CE5688A}.Debug|Any CPU.Build.0 = Debug|Any CPU
		{E3CB60CA-FD2D-4A1D-9621-3ED09CE5688A}.Release|Any CPU.ActiveCfg = Release|Any CPU
		{E3CB60CA-FD2D-4A1D-9621-3ED09CE5688A}.Release|Any CPU.Build.0 = Release|Any CPU
		{186B3137-217F-40C1-8018-9E043CE45D0B}.Debug|Any CPU.ActiveCfg = Debug|Any CPU
		{186B3137-217F-40C1-8018-9E043CE45D0B}.Debug|Any CPU.Build.0 = Debug|Any CPU
		{186B3137-217F-40C1-8018-9E043CE45D0B}.Release|Any CPU.ActiveCfg = Release|Any CPU
		{186B3137-217F-40C1-8018-9E043CE45D0B}.Release|Any CPU.Build.0 = Release|Any CPU
	EndGlobalSection
	GlobalSection(SolutionProperties) = preSolution
		HideSolutionNode = FALSE
	EndGlobalSection
	GlobalSection(ExtensibilityGlobals) = postSolution
		SolutionGuid = {7A8F4C0A-0EBC-4CF3-90B8-B39C0456E83C}
	EndGlobalSection
EndGlobal
