
Microsoft Visual Studio Solution File, Format Version 12.00
# Visual Studio Version 17
VisualStudioVersion = 17.5.33424.131
MinimumVisualStudioVersion = 10.0.40219.1
Project("{FAE04EC0-301F-11D3-BF4B-00C04F79EFBC}") = "RequestTimeOff", "RequestTimeOff\RequestTimeOff.csproj", "{E3CB60CA-FD2D-4A1D-9621-3ED09CE5688A}"
EndProject
Global
	GlobalSection(SolutionConfigurationPlatforms) = preSolution
		Debug|Any CPU = Debug|Any CPU
		Release|Any CPU = Release|Any CPU
	EndGlobalSection
	GlobalSection(ProjectConfigurationPlatforms) = postSolution
		{E3CB60CA-FD2D-4A1D-9621-3ED09CE5688A}.Debug|Any CPU.ActiveCfg = Debug|Any CPU
		{E3CB60CA-FD2D-4A1D-9621-3ED09CE5688A}.Debug|Any CPU.Build.0 = Debug|Any CPU
		{E3CB60CA-FD2D-4A1D-9621-3ED09CE5688A}.Release|Any CPU.ActiveCfg = Release|Any CPU
		{E3CB60CA-FD2D-4A1D-9621-3ED09CE5688A}.Release|Any CPU.Build.0 = Release|Any CPU
	EndGlobalSection
	GlobalSection(SolutionProperties) = preSolution
		HideSolutionNode = FALSE
	EndGlobalSection
	GlobalSection(ExtensibilityGlobals) = postSolution
		SolutionGuid = {7A8F4C0A-0EBC-4CF3-90B8-B39C0456E83C}
	EndGlobalSection
EndGlobal
